
Microsoft Visual Studio Solution File, Format Version 12.00
# Visual Studio Version 16
VisualStudioVersion = 16.0.31129.286
MinimumVisualStudioVersion = 10.0.40219.1
Project("{FAE04EC0-301F-11D3-BF4B-00C04F79EFBC}") = "WPFMVVMMultipleViews", "WPFMVVMMultipleViews\WPFMVVMMultipleViews.csproj", "{AABB2AF2-7BEF-4C90-B15B-88DBF90E2D39}"
EndProject
Global
	GlobalSection(SolutionConfigurationPlatforms) = preSolution
		Debug|Any CPU = Debug|Any CPU
		Release|Any CPU = Release|Any CPU
	EndGlobalSection
	GlobalSection(ProjectConfigurationPlatforms) = postSolution
		{AABB2AF2-7BEF-4C90-B15B-88DBF90E2D39}.Debug|Any CPU.ActiveCfg = Debug|Any CPU
		{AABB2AF2-7BEF-4C90-B15B-88DBF90E2D39}.Debug|Any CPU.Build.0 = Debug|Any CPU
		{AABB2AF2-7BEF-4C90-B15B-88DBF90E2D39}.Release|Any CPU.ActiveCfg = Release|Any CPU
		{AABB2AF2-7BEF-4C90-B15B-88DBF90E2D39}.Release|Any CPU.Build.0 = Release|Any CPU
	EndGlobalSection
	GlobalSection(SolutionProperties) = preSolution
		HideSolutionNode = FALSE
	EndGlobalSection
	GlobalSection(ExtensibilityGlobals) = postSolution
		SolutionGuid = {3B3E2C08-4118-4FCF-8553-6CE13EEC2A5B}
	EndGlobalSection
EndGlobal
